
Microsoft Visual Studio Solution File, Format Version 12.00
Project("{FAE04EC0-301F-11D3-BF4B-00C04F79EFBC}") = "01-ConvertendoTiposDeVariaveis", "01-ConvertendoTiposDeVariaveis\01-ConvertendoTiposDeVariaveis.csproj", "{BF4D5D6D-D82C-4E83-B16A-E72AEE31E75B}"
EndProject
Project("{FAE04EC0-301F-11D3-BF4B-00C04F79EFBC}") = "02-ConversaoParaString", "02-ConversaoParaString\02-ConversaoParaString.csproj", "{74700494-0490-43E7-9AE0-094D4A280182}"
EndProject
Global
	GlobalSection(SolutionConfigurationPlatforms) = preSolution
		Debug|Any CPU = Debug|Any CPU
		Release|Any CPU = Release|Any CPU
	EndGlobalSection
	GlobalSection(ProjectConfigurationPlatforms) = postSolution
		{BF4D5D6D-D82C-4E83-B16A-E72AEE31E75B}.Debug|Any CPU.ActiveCfg = Debug|Any CPU
		{BF4D5D6D-D82C-4E83-B16A-E72AEE31E75B}.Debug|Any CPU.Build.0 = Debug|Any CPU
		{BF4D5D6D-D82C-4E83-B16A-E72AEE31E75B}.Release|Any CPU.ActiveCfg = Release|Any CPU
		{BF4D5D6D-D82C-4E83-B16A-E72AEE31E75B}.Release|Any CPU.Build.0 = Release|Any CPU
		{74700494-0490-43E7-9AE0-094D4A280182}.Debug|Any CPU.ActiveCfg = Debug|Any CPU
		{74700494-0490-43E7-9AE0-094D4A280182}.Debug|Any CPU.Build.0 = Debug|Any CPU
		{74700494-0490-43E7-9AE0-094D4A280182}.Release|Any CPU.ActiveCfg = Release|Any CPU
		{74700494-0490-43E7-9AE0-094D4A280182}.Release|Any CPU.Build.0 = Release|Any CPU
	EndGlobalSection
EndGlobal
